
Microsoft Visual Studio Solution File, Format Version 12.00
# Visual Studio Version 17
VisualStudioVersion = 17.11.35327.3
MinimumVisualStudioVersion = 10.0.40219.1
Project("{9A19103F-16F7-4668-BE54-9A1E7A4F7556}") = "ex01", "ex01\ex01.csproj", "{39F7C859-8D06-44D5-8E74-3DECDE1BFCA0}"
EndProject
Project("{9A19103F-16F7-4668-BE54-9A1E7A4F7556}") = "ex02", "ex02\ex02.csproj", "{19CA48F3-FD1D-4798-917D-698228949CE5}"
EndProject
Project("{9A19103F-16F7-4668-BE54-9A1E7A4F7556}") = "ex03", "ex03\ex03.csproj", "{36A57800-99E2-4530-A2D8-DF8EE006D3A9}"
EndProject
Project("{9A19103F-16F7-4668-BE54-9A1E7A4F7556}") = "ex04", "ex04\ex04.csproj", "{A514A850-7BAF-4164-B9DC-A78F415C6826}"
EndProject
Project("{9A19103F-16F7-4668-BE54-9A1E7A4F7556}") = "ex05", "ex05\ex05.csproj", "{A0FDC3BB-8D45-4984-A971-2C357D95A83C}"
EndProject
Project("{9A19103F-16F7-4668-BE54-9A1E7A4F7556}") = "ex06", "ex06\ex06.csproj", "{1D7CC133-3037-4FFE-B753-99D69397F2E8}"
EndProject
Project("{9A19103F-16F7-4668-BE54-9A1E7A4F7556}") = "ex07", "ex07\ex07.csproj", "{C036F926-BBAB-4E84-8163-840E14F73C62}"
EndProject
Project("{9A19103F-16F7-4668-BE54-9A1E7A4F7556}") = "ex08", "ex08\ex08.csproj", "{A3B014FE-30D7-45AF-97CC-51CC61A1BE0D}"
EndProject
Project("{9A19103F-16F7-4668-BE54-9A1E7A4F7556}") = "ex09", "ex09\ex09.csproj", "{01FF3001-83DD-4F13-9C31-EDBB1B1C223E}"
EndProject
Project("{9A19103F-16F7-4668-BE54-9A1E7A4F7556}") = "ex10", "ex10\ex10.csproj", "{561349A3-2172-4CE1-BDF6-9547BE19BAE2}"
EndProject
Project("{9A19103F-16F7-4668-BE54-9A1E7A4F7556}") = "ex11", "ex11\ex11.csproj", "{315C39BC-0414-412B-9595-C22CC69B3AB8}"
EndProject
Project("{9A19103F-16F7-4668-BE54-9A1E7A4F7556}") = "ex12", "ex12\ex12.csproj", "{0D351554-2C13-4AD9-9843-CBF662C146FB}"
EndProject
Project("{9A19103F-16F7-4668-BE54-9A1E7A4F7556}") = "ex13", "ex13\ex13.csproj", "{D5BAD69A-5F9F-49D7-A67B-4D39AD002A5A}"
EndProject
Project("{9A19103F-16F7-4668-BE54-9A1E7A4F7556}") = "ex14", "ex14\ex14.csproj", "{EA3365EE-0ADD-429B-A04E-B255E14E1A7E}"
EndProject
Project("{9A19103F-16F7-4668-BE54-9A1E7A4F7556}") = "ex15", "ex15\ex15.csproj", "{8D02DABD-28D7-4CDD-A787-001CAF393853}"
EndProject
Project("{9A19103F-16F7-4668-BE54-9A1E7A4F7556}") = "ex16", "ex16\ex16.csproj", "{8D39491B-B5C1-4FFF-B062-1CBC331FBF9E}"
EndProject
Project("{9A19103F-16F7-4668-BE54-9A1E7A4F7556}") = "ex17", "ex17\ex17.csproj", "{077ED9EC-5173-4113-B9EF-2D9069EEF19D}"
EndProject
Project("{9A19103F-16F7-4668-BE54-9A1E7A4F7556}") = "ex18", "ex18\ex18.csproj", "{BCD3AFB3-78B1-479A-934A-9637C735C374}"
EndProject
Project("{9A19103F-16F7-4668-BE54-9A1E7A4F7556}") = "ex19", "ex19\ex19.csproj", "{C940B892-7D12-409A-876E-6811C344CD5D}"
EndProject
Project("{9A19103F-16F7-4668-BE54-9A1E7A4F7556}") = "ex20", "ex20\ex20.csproj", "{09D0664A-D41A-45D4-85D3-DB43330DA8C7}"
EndProject
Project("{9A19103F-16F7-4668-BE54-9A1E7A4F7556}") = "ex21", "ex21\ex21.csproj", "{D767D397-32C4-4F7B-96FE-53F3381F035F}"
EndProject
Project("{9A19103F-16F7-4668-BE54-9A1E7A4F7556}") = "ex22", "ex22\ex22.csproj", "{200A2937-CD81-4569-AC67-641A129579C8}"
EndProject
Project("{9A19103F-16F7-4668-BE54-9A1E7A4F7556}") = "ex23", "ex23\ex23.csproj", "{FC2E416F-EB71-4F6A-A24E-09AC9D7BA761}"
EndProject
Project("{9A19103F-16F7-4668-BE54-9A1E7A4F7556}") = "ex24", "ex24\ex24.csproj", "{BFE68F23-9993-4B62-82D8-9F6F25015D41}"
EndProject
Project("{9A19103F-16F7-4668-BE54-9A1E7A4F7556}") = "ex25", "ex25\ex25.csproj", "{5C0F425F-3D3E-4AEE-92B2-6BCE2F347BBD}"
EndProject
Project("{9A19103F-16F7-4668-BE54-9A1E7A4F7556}") = "ex26", "ex26\ex26.csproj", "{6DB43DA3-7273-4D78-8214-31206C7A6EA8}"
EndProject
Project("{9A19103F-16F7-4668-BE54-9A1E7A4F7556}") = "ex27", "ex27\ex27.csproj", "{16444AC6-B058-4040-80A4-EE28173E0CBA}"
EndProject
Project("{9A19103F-16F7-4668-BE54-9A1E7A4F7556}") = "ex28", "ex28\ex28.csproj", "{E688184B-5217-46BB-807C-689A2602F2D2}"
EndProject
Project("{FAE04EC0-301F-11D3-BF4B-00C04F79EFBC}") = "ex29", "ex29\ex29.csproj", "{D7F5DD71-12AB-48D3-8CAE-8C982A077980}"
EndProject
Project("{FAE04EC0-301F-11D3-BF4B-00C04F79EFBC}") = "Desafio", "Desafio\Desafio.csproj", "{6ED7F3C9-1817-4100-9634-CAE3E939A5C7}"
EndProject
Project("{FAE04EC0-301F-11D3-BF4B-00C04F79EFBC}") = "Desafio 02", "Desafio 02\Desafio 02.csproj", "{03EC04D0-D5FE-4A91-AA0C-A665036A23E0}"
EndProject
Project("{FAE04EC0-301F-11D3-BF4B-00C04F79EFBC}") = "Desafio 03", "Desafio 03\Desafio 03.csproj", "{424433E3-954A-4AD7-928B-570FC3E2B47C}"
EndProject
Global
	GlobalSection(SolutionConfigurationPlatforms) = preSolution
		Debug|Any CPU = Debug|Any CPU
		Release|Any CPU = Release|Any CPU
	EndGlobalSection
	GlobalSection(ProjectConfigurationPlatforms) = postSolution
		{39F7C859-8D06-44D5-8E74-3DECDE1BFCA0}.Debug|Any CPU.ActiveCfg = Debug|Any CPU
		{39F7C859-8D06-44D5-8E74-3DECDE1BFCA0}.Debug|Any CPU.Build.0 = Debug|Any CPU
		{39F7C859-8D06-44D5-8E74-3DECDE1BFCA0}.Release|Any CPU.ActiveCfg = Release|Any CPU
		{39F7C859-8D06-44D5-8E74-3DECDE1BFCA0}.Release|Any CPU.Build.0 = Release|Any CPU
		{19CA48F3-FD1D-4798-917D-698228949CE5}.Debug|Any CPU.ActiveCfg = Debug|Any CPU
		{19CA48F3-FD1D-4798-917D-698228949CE5}.Debug|Any CPU.Build.0 = Debug|Any CPU
		{19CA48F3-FD1D-4798-917D-698228949CE5}.Release|Any CPU.ActiveCfg = Release|Any CPU
		{19CA48F3-FD1D-4798-917D-698228949CE5}.Release|Any CPU.Build.0 = Release|Any CPU
		{36A57800-99E2-4530-A2D8-DF8EE006D3A9}.Debug|Any CPU.ActiveCfg = Debug|Any CPU
		{36A57800-99E2-4530-A2D8-DF8EE006D3A9}.Debug|Any CPU.Build.0 = Debug|Any CPU
		{36A57800-99E2-4530-A2D8-DF8EE006D3A9}.Release|Any CPU.ActiveCfg = Release|Any CPU
		{36A57800-99E2-4530-A2D8-DF8EE006D3A9}.Release|Any CPU.Build.0 = Release|Any CPU
		{A514A850-7BAF-4164-B9DC-A78F415C6826}.Debug|Any CPU.ActiveCfg = Debug|Any CPU
		{A514A850-7BAF-4164-B9DC-A78F415C6826}.Debug|Any CPU.Build.0 = Debug|Any CPU
		{A514A850-7BAF-4164-B9DC-A78F415C6826}.Release|Any CPU.ActiveCfg = Release|Any CPU
		{A514A850-7BAF-4164-B9DC-A78F415C6826}.Release|Any CPU.Build.0 = Release|Any CPU
		{A0FDC3BB-8D45-4984-A971-2C357D95A83C}.Debug|Any CPU.ActiveCfg = Debug|Any CPU
		{A0FDC3BB-8D45-4984-A971-2C357D95A83C}.Debug|Any CPU.Build.0 = Debug|Any CPU
		{A0FDC3BB-8D45-4984-A971-2C357D95A83C}.Release|Any CPU.ActiveCfg = Release|Any CPU
		{A0FDC3BB-8D45-4984-A971-2C357D95A83C}.Release|Any CPU.Build.0 = Release|Any CPU
		{1D7CC133-3037-4FFE-B753-99D69397F2E8}.Debug|Any CPU.ActiveCfg = Debug|Any CPU
		{1D7CC133-3037-4FFE-B753-99D69397F2E8}.Debug|Any CPU.Build.0 = Debug|Any CPU
		{1D7CC133-3037-4FFE-B753-99D69397F2E8}.Release|Any CPU.ActiveCfg = Release|Any CPU
		{1D7CC133-3037-4FFE-B753-99D69397F2E8}.Release|Any CPU.Build.0 = Release|Any CPU
		{C036F926-BBAB-4E84-8163-840E14F73C62}.Debug|Any CPU.ActiveCfg = Debug|Any CPU
		{C036F926-BBAB-4E84-8163-840E14F73C62}.Debug|Any CPU.Build.0 = Debug|Any CPU
		{C036F926-BBAB-4E84-8163-840E14F73C62}.Release|Any CPU.ActiveCfg = Release|Any CPU
		{C036F926-BBAB-4E84-8163-840E14F73C62}.Release|Any CPU.Build.0 = Release|Any CPU
		{A3B014FE-30D7-45AF-97CC-51CC61A1BE0D}.Debug|Any CPU.ActiveCfg = Debug|Any CPU
		{A3B014FE-30D7-45AF-97CC-51CC61A1BE0D}.Debug|Any CPU.Build.0 = Debug|Any CPU
		{A3B014FE-30D7-45AF-97CC-51CC61A1BE0D}.Release|Any CPU.ActiveCfg = Release|Any CPU
		{A3B014FE-30D7-45AF-97CC-51CC61A1BE0D}.Release|Any CPU.Build.0 = Release|Any CPU
		{01FF3001-83DD-4F13-9C31-EDBB1B1C223E}.Debug|Any CPU.ActiveCfg = Debug|Any CPU
		{01FF3001-83DD-4F13-9C31-EDBB1B1C223E}.Debug|Any CPU.Build.0 = Debug|Any CPU
		{01FF3001-83DD-4F13-9C31-EDBB1B1C223E}.Release|Any CPU.ActiveCfg = Release|Any CPU
		{01FF3001-83DD-4F13-9C31-EDBB1B1C223E}.Release|Any CPU.Build.0 = Release|Any CPU
		{561349A3-2172-4CE1-BDF6-9547BE19BAE2}.Debug|Any CPU.ActiveCfg = Debug|Any CPU
		{561349A3-2172-4CE1-BDF6-9547BE19BAE2}.Debug|Any CPU.Build.0 = Debug|Any CPU
		{561349A3-2172-4CE1-BDF6-9547BE19BAE2}.Release|Any CPU.ActiveCfg = Release|Any CPU
		{561349A3-2172-4CE1-BDF6-9547BE19BAE2}.Release|Any CPU.Build.0 = Release|Any CPU
		{315C39BC-0414-412B-9595-C22CC69B3AB8}.Debug|Any CPU.ActiveCfg = Debug|Any CPU
		{315C39BC-0414-412B-9595-C22CC69B3AB8}.Debug|Any CPU.Build.0 = Debug|Any CPU
		{315C39BC-0414-412B-9595-C22CC69B3AB8}.Release|Any CPU.ActiveCfg = Release|Any CPU
		{315C39BC-0414-412B-9595-C22CC69B3AB8}.Release|Any CPU.Build.0 = Release|Any CPU
		{0D351554-2C13-4AD9-9843-CBF662C146FB}.Debug|Any CPU.ActiveCfg = Debug|Any CPU
		{0D351554-2C13-4AD9-9843-CBF662C146FB}.Debug|Any CPU.Build.0 = Debug|Any CPU
		{0D351554-2C13-4AD9-9843-CBF662C146FB}.Release|Any CPU.ActiveCfg = Release|Any CPU
		{0D351554-2C13-4AD9-9843-CBF662C146FB}.Release|Any CPU.Build.0 = Release|Any CPU
		{D5BAD69A-5F9F-49D7-A67B-4D39AD002A5A}.Debug|Any CPU.ActiveCfg = Debug|Any CPU
		{D5BAD69A-5F9F-49D7-A67B-4D39AD002A5A}.Debug|Any CPU.Build.0 = Debug|Any CPU
		{D5BAD69A-5F9F-49D7-A67B-4D39AD002A5A}.Release|Any CPU.ActiveCfg = Release|Any CPU
		{D5BAD69A-5F9F-49D7-A67B-4D39AD002A5A}.Release|Any CPU.Build.0 = Release|Any CPU
		{EA3365EE-0ADD-429B-A04E-B255E14E1A7E}.Debug|Any CPU.ActiveCfg = Debug|Any CPU
		{EA3365EE-0ADD-429B-A04E-B255E14E1A7E}.Debug|Any CPU.Build.0 = Debug|Any CPU
		{EA3365EE-0ADD-429B-A04E-B255E14E1A7E}.Release|Any CPU.ActiveCfg = Release|Any CPU
		{EA3365EE-0ADD-429B-A04E-B255E14E1A7E}.Release|Any CPU.Build.0 = Release|Any CPU
		{8D02DABD-28D7-4CDD-A787-001CAF393853}.Debug|Any CPU.ActiveCfg = Debug|Any CPU
		{8D02DABD-28D7-4CDD-A787-001CAF393853}.Debug|Any CPU.Build.0 = Debug|Any CPU
		{8D02DABD-28D7-4CDD-A787-001CAF393853}.Release|Any CPU.ActiveCfg = Release|Any CPU
		{8D02DABD-28D7-4CDD-A787-001CAF393853}.Release|Any CPU.Build.0 = Release|Any CPU
		{8D39491B-B5C1-4FFF-B062-1CBC331FBF9E}.Debug|Any CPU.ActiveCfg = Debug|Any CPU
		{8D39491B-B5C1-4FFF-B062-1CBC331FBF9E}.Debug|Any CPU.Build.0 = Debug|Any CPU
		{8D39491B-B5C1-4FFF-B062-1CBC331FBF9E}.Release|Any CPU.ActiveCfg = Release|Any CPU
		{8D39491B-B5C1-4FFF-B062-1CBC331FBF9E}.Release|Any CPU.Build.0 = Release|Any CPU
		{077ED9EC-5173-4113-B9EF-2D9069EEF19D}.Debug|Any CPU.ActiveCfg = Debug|Any CPU
		{077ED9EC-5173-4113-B9EF-2D9069EEF19D}.Debug|Any CPU.Build.0 = Debug|Any CPU
		{077ED9EC-5173-4113-B9EF-2D9069EEF19D}.Release|Any CPU.ActiveCfg = Release|Any CPU
		{077ED9EC-5173-4113-B9EF-2D9069EEF19D}.Release|Any CPU.Build.0 = Release|Any CPU
		{BCD3AFB3-78B1-479A-934A-9637C735C374}.Debug|Any CPU.ActiveCfg = Debug|Any CPU
		{BCD3AFB3-78B1-479A-934A-9637C735C374}.Debug|Any CPU.Build.0 = Debug|Any CPU
		{BCD3AFB3-78B1-479A-934A-9637C735C374}.Release|Any CPU.ActiveCfg = Release|Any CPU
		{BCD3AFB3-78B1-479A-934A-9637C735C374}.Release|Any CPU.Build.0 = Release|Any CPU
		{C940B892-7D12-409A-876E-6811C344CD5D}.Debug|Any CPU.ActiveCfg = Debug|Any CPU
		{C940B892-7D12-409A-876E-6811C344CD5D}.Debug|Any CPU.Build.0 = Debug|Any CPU
		{C940B892-7D12-409A-876E-6811C344CD5D}.Release|Any CPU.ActiveCfg = Release|Any CPU
		{C940B892-7D12-409A-876E-6811C344CD5D}.Release|Any CPU.Build.0 = Release|Any CPU
		{09D0664A-D41A-45D4-85D3-DB43330DA8C7}.Debug|Any CPU.ActiveCfg = Debug|Any CPU
		{09D0664A-D41A-45D4-85D3-DB43330DA8C7}.Debug|Any CPU.Build.0 = Debug|Any CPU
		{09D0664A-D41A-45D4-85D3-DB43330DA8C7}.Release|Any CPU.ActiveCfg = Release|Any CPU
		{09D0664A-D41A-45D4-85D3-DB43330DA8C7}.Release|Any CPU.Build.0 = Release|Any CPU
		{D767D397-32C4-4F7B-96FE-53F3381F035F}.Debug|Any CPU.ActiveCfg = Debug|Any CPU
		{D767D397-32C4-4F7B-96FE-53F3381F035F}.Debug|Any CPU.Build.0 = Debug|Any CPU
		{D767D397-32C4-4F7B-96FE-53F3381F035F}.Release|Any CPU.ActiveCfg = Release|Any CPU
		{D767D397-32C4-4F7B-96FE-53F3381F035F}.Release|Any CPU.Build.0 = Release|Any CPU
		{200A2937-CD81-4569-AC67-641A129579C8}.Debug|Any CPU.ActiveCfg = Debug|Any CPU
		{200A2937-CD81-4569-AC67-641A129579C8}.Debug|Any CPU.Build.0 = Debug|Any CPU
		{200A2937-CD81-4569-AC67-641A129579C8}.Release|Any CPU.ActiveCfg = Release|Any CPU
		{200A2937-CD81-4569-AC67-641A129579C8}.Release|Any CPU.Build.0 = Release|Any CPU
		{FC2E416F-EB71-4F6A-A24E-09AC9D7BA761}.Debug|Any CPU.ActiveCfg = Debug|Any CPU
		{FC2E416F-EB71-4F6A-A24E-09AC9D7BA761}.Debug|Any CPU.Build.0 = Debug|Any CPU
		{FC2E416F-EB71-4F6A-A24E-09AC9D7BA761}.Release|Any CPU.ActiveCfg = Release|Any CPU
		{FC2E416F-EB71-4F6A-A24E-09AC9D7BA761}.Release|Any CPU.Build.0 = Release|Any CPU
		{BFE68F23-9993-4B62-82D8-9F6F25015D41}.Debug|Any CPU.ActiveCfg = Debug|Any CPU
		{BFE68F23-9993-4B62-82D8-9F6F25015D41}.Debug|Any CPU.Build.0 = Debug|Any CPU
		{BFE68F23-9993-4B62-82D8-9F6F25015D41}.Release|Any CPU.ActiveCfg = Release|Any CPU
		{BFE68F23-9993-4B62-82D8-9F6F25015D41}.Release|Any CPU.Build.0 = Release|Any CPU
		{5C0F425F-3D3E-4AEE-92B2-6BCE2F347BBD}.Debug|Any CPU.ActiveCfg = Debug|Any CPU
		{5C0F425F-3D3E-4AEE-92B2-6BCE2F347BBD}.Debug|Any CPU.Build.0 = Debug|Any CPU
		{5C0F425F-3D3E-4AEE-92B2-6BCE2F347BBD}.Release|Any CPU.ActiveCfg = Release|Any CPU
		{5C0F425F-3D3E-4AEE-92B2-6BCE2F347BBD}.Release|Any CPU.Build.0 = Release|Any CPU
		{6DB43DA3-7273-4D78-8214-31206C7A6EA8}.Debug|Any CPU.ActiveCfg = Debug|Any CPU
		{6DB43DA3-7273-4D78-8214-31206C7A6EA8}.Debug|Any CPU.Build.0 = Debug|Any CPU
		{6DB43DA3-7273-4D78-8214-31206C7A6EA8}.Release|Any CPU.ActiveCfg = Release|Any CPU
		{6DB43DA3-7273-4D78-8214-31206C7A6EA8}.Release|Any CPU.Build.0 = Release|Any CPU
		{16444AC6-B058-4040-80A4-EE28173E0CBA}.Debug|Any CPU.ActiveCfg = Debug|Any CPU
		{16444AC6-B058-4040-80A4-EE28173E0CBA}.Debug|Any CPU.Build.0 = Debug|Any CPU
		{16444AC6-B058-4040-80A4-EE28173E0CBA}.Release|Any CPU.ActiveCfg = Release|Any CPU
		{16444AC6-B058-4040-80A4-EE28173E0CBA}.Release|Any CPU.Build.0 = Release|Any CPU
		{E688184B-5217-46BB-807C-689A2602F2D2}.Debug|Any CPU.ActiveCfg = Debug|Any CPU
		{E688184B-5217-46BB-807C-689A2602F2D2}.Debug|Any CPU.Build.0 = Debug|Any CPU
		{E688184B-5217-46BB-807C-689A2602F2D2}.Release|Any CPU.ActiveCfg = Release|Any CPU
		{E688184B-5217-46BB-807C-689A2602F2D2}.Release|Any CPU.Build.0 = Release|Any CPU
		{D7F5DD71-12AB-48D3-8CAE-8C982A077980}.Debug|Any CPU.ActiveCfg = Debug|Any CPU
		{D7F5DD71-12AB-48D3-8CAE-8C982A077980}.Debug|Any CPU.Build.0 = Debug|Any CPU
		{D7F5DD71-12AB-48D3-8CAE-8C982A077980}.Release|Any CPU.ActiveCfg = Release|Any CPU
		{D7F5DD71-12AB-48D3-8CAE-8C982A077980}.Release|Any CPU.Build.0 = Release|Any CPU
		{6ED7F3C9-1817-4100-9634-CAE3E939A5C7}.Debug|Any CPU.ActiveCfg = Debug|Any CPU
		{6ED7F3C9-1817-4100-9634-CAE3E939A5C7}.Debug|Any CPU.Build.0 = Debug|Any CPU
		{6ED7F3C9-1817-4100-9634-CAE3E939A5C7}.Release|Any CPU.ActiveCfg = Release|Any CPU
		{6ED7F3C9-1817-4100-9634-CAE3E939A5C7}.Release|Any CPU.Build.0 = Release|Any CPU
		{03EC04D0-D5FE-4A91-AA0C-A665036A23E0}.Debug|Any CPU.ActiveCfg = Debug|Any CPU
		{03EC04D0-D5FE-4A91-AA0C-A665036A23E0}.Debug|Any CPU.Build.0 = Debug|Any CPU
		{03EC04D0-D5FE-4A91-AA0C-A665036A23E0}.Release|Any CPU.ActiveCfg = Release|Any CPU
		{03EC04D0-D5FE-4A91-AA0C-A665036A23E0}.Release|Any CPU.Build.0 = Release|Any CPU
		{424433E3-954A-4AD7-928B-570FC3E2B47C}.Debug|Any CPU.ActiveCfg = Debug|Any CPU
		{424433E3-954A-4AD7-928B-570FC3E2B47C}.Debug|Any CPU.Build.0 = Debug|Any CPU
		{424433E3-954A-4AD7-928B-570FC3E2B47C}.Release|Any CPU.ActiveCfg = Release|Any CPU
		{424433E3-954A-4AD7-928B-570FC3E2B47C}.Release|Any CPU.Build.0 = Release|Any CPU
	EndGlobalSection
	GlobalSection(SolutionProperties) = preSolution
		HideSolutionNode = FALSE
	EndGlobalSection
	GlobalSection(ExtensibilityGlobals) = postSolution
		SolutionGuid = {FBC9028B-F5EC-4665-8ADC-5DF7463D0936}
	EndGlobalSection
EndGlobal
